<?xml version="1.0" encoding="utf-8"?>
<Project ToolsVersion="4.0" xmlns="http://schemas.microsoft.com/developer/msbuild/2003">
  <ItemGroup>
    <Filter Include="Source Files">
      <UniqueIdentifier>{4FC737F1-C7A5-4376-A066-2A32D752A2FF}</UniqueIdentifier>
      <Extensions>cpp;c;cc;cxx;c++;cppm;ixx;def;odl;idl;hpj;bat;asm;asmx</Extensions>
    </Filter>
    <Filter Include="Source Files\CPU">
      <UniqueIdentifier>{fefa511c-21a7-4374-8c59-0b58e50357fa}</UniqueIdentifier>
    </Filter>
    <Filter Include="Source Files\RAM">
      <UniqueIdentifier>{a524960a-4e7d-48e5-af96-e09c70b9681e}</UniqueIdentifier>
    </Filter>
    <Filter Include="Source Files\CPU\OpcodeHelpers">
      <UniqueIdentifier>{7227ff24-33ec-4758-9e23-756775910a68}</UniqueIdentifier>
    </Filter>
    <Filter Include="Source Files\Machine">
      <UniqueIdentifier>{851f83f2-be2d-472c-a5ec-de676860b41e}</UniqueIdentifier>
    </Filter>
    <Filter Include="Resource Files">
      <UniqueIdentifier>{67DA6AB6-F800-4c08-8B7A-83BB121AAD01}</UniqueIdentifier>
      <Extensions>rc;ico;cur;bmp;dlg;rc2;rct;bin;rgs;gif;jpg;jpeg;jpe;resx;tiff;tif;png;wav;mfcribbon-ms</Extensions>
    </Filter>
    <Filter Include="Source Files\CPU\Trap">
      <UniqueIdentifier>{079d3456-3083-4b8a-8dcb-20994950ad85}</UniqueIdentifier>
    </Filter>
    <Filter Include="Source Files\CPU\Bus">
      <UniqueIdentifier>{4aadf861-2465-4c2e-801b-2beca0ea4f5d}</UniqueIdentifier>
    </Filter>
    <Filter Include="Source Files\CPU\Plic">
      <UniqueIdentifier>{82946274-7769-4e06-864a-9d9e9994b0d7}</UniqueIdentifier>
    </Filter>
    <Filter Include="Source Files\CPU\Device">
      <UniqueIdentifier>{d495d1d6-2229-4262-946e-bf8ec06cd7a0}</UniqueIdentifier>
    </Filter>
    <Filter Include="Header Files">
      <UniqueIdentifier>{93995380-89BD-4b04-88EB-625FBE52EBFB}</UniqueIdentifier>
      <Extensions>h;hh;hpp;hxx;h++;hm;inl;inc;ipp;xsd</Extensions>
    </Filter>
    <Filter Include="Source Files\CPU\Clint">
      <UniqueIdentifier>{f91a8479-2019-4a12-8741-8282e55f08cf}</UniqueIdentifier>
    </Filter>
    <Filter Include="Source Files\CPU\Uart">
      <UniqueIdentifier>{14c28c46-3114-49d8-816c-e35219bbd4dd}</UniqueIdentifier>
    </Filter>
    <Filter Include="Source Files\CPU\Virtio">
      <UniqueIdentifier>{0c2b81d1-25cd-42ab-aecd-cd3da28bc54e}</UniqueIdentifier>
    </Filter>
  </ItemGroup>
  <ItemGroup>
    <ClCompile Include="main.cpp">
      <Filter>Source Files</Filter>
    </ClCompile>
    <ClCompile Include="CPU.cpp">
      <Filter>Source Files\CPU</Filter>
    </ClCompile>
    <ClCompile Include="RAM.cpp">
      <Filter>Source Files\RAM</Filter>
    </ClCompile>
    <ClCompile Include="Opcodes.cpp">
      <Filter>Source Files\CPU</Filter>
    </ClCompile>
    <ClCompile Include="OpcodeHelpers.cpp">
      <Filter>Source Files\CPU\OpcodeHelpers</Filter>
    </ClCompile>
    <ClCompile Include="Machine.cpp">
      <Filter>Source Files\Machine</Filter>
    </ClCompile>
    <ClCompile Include="Trap.cpp">
      <Filter>Source Files\CPU\Trap</Filter>
    </ClCompile>
    <ClCompile Include="Bus.cpp">
      <Filter>Source Files\CPU\Bus</Filter>
    </ClCompile>
    <ClCompile Include="Plic.cpp">
      <Filter>Source Files\CPU\Plic</Filter>
    </ClCompile>
    <ClCompile Include="Device.cpp">
      <Filter>Source Files\CPU\Device</Filter>
    </ClCompile>
    <ClCompile Include="Clint.cpp">
      <Filter>Source Files\CPU\Clint</Filter>
    </ClCompile>
    <ClCompile Include="Uart.cpp">
      <Filter>Source Files\CPU\Uart</Filter>
    </ClCompile>
    <ClCompile Include="Virtio.cpp">
      <Filter>Source Files\CPU\Virtio</Filter>
    </ClCompile>
  </ItemGroup>
  <ItemGroup>
    <ClInclude Include="CPU.h">
      <Filter>Source Files\CPU</Filter>
    </ClInclude>
    <ClInclude Include="RAM.h">
      <Filter>Source Files\RAM</Filter>
    </ClInclude>
    <ClInclude Include="OpcodeHelpers.h">
      <Filter>Source Files\CPU\OpcodeHelpers</Filter>
    </ClInclude>
    <ClInclude Include="Machine.h">
      <Filter>Source Files\Machine</Filter>
    </ClInclude>
    <ClInclude Include="Trap.h">
      <Filter>Source Files\CPU\Trap</Filter>
    </ClInclude>
    <ClInclude Include="Bus.h">
      <Filter>Source Files\CPU\Bus</Filter>
    </ClInclude>
    <ClInclude Include="Plic.h">
      <Filter>Source Files\CPU\Plic</Filter>
    </ClInclude>
    <ClInclude Include="Device.h">
      <Filter>Source Files\CPU\Device</Filter>
    </ClInclude>
    <ClInclude Include="Clint.h">
      <Filter>Source Files\CPU\Clint</Filter>
    </ClInclude>
    <ClInclude Include="Uart.h">
      <Filter>Source Files\CPU\Uart</Filter>
    </ClInclude>
    <ClInclude Include="Virtio.h">
      <Filter>Source Files\CPU\Virtio</Filter>
    </ClInclude>
  </ItemGroup>
</Project>