<?xml version="1.0" encoding="utf-8"?>
<Project ToolsVersion="4.0" xmlns="http://schemas.microsoft.com/developer/msbuild/2003">
  <ItemGroup>
    <Filter Include="Source Files">
      <UniqueIdentifier>{4FC737F1-C7A5-4376-A066-2A32D752A2FF}</UniqueIdentifier>
      <Extensions>cpp;c;cc;cxx;c++;cppm;ixx;def;odl;idl;hpj;bat;asm;asmx</Extensions>
    </Filter>
    <Filter Include="Header Files">
      <UniqueIdentifier>{93995380-89BD-4b04-88EB-625FBE52EBFB}</UniqueIdentifier>
      <Extensions>h;hh;hpp;hxx;h++;hm;inl;inc;ipp;xsd</Extensions>
    </Filter>
    <Filter Include="Source Files\CPU">
      <UniqueIdentifier>{fefa511c-21a7-4374-8c59-0b58e50357fa}</UniqueIdentifier>
    </Filter>
    <Filter Include="Source Files\RAM">
      <UniqueIdentifier>{a524960a-4e7d-48e5-af96-e09c70b9681e}</UniqueIdentifier>
    </Filter>
    <Filter Include="Source Files\CPU\OpcodeHelpers">
      <UniqueIdentifier>{7227ff24-33ec-4758-9e23-756775910a68}</UniqueIdentifier>
    </Filter>
    <Filter Include="Source Files\Machine">
      <UniqueIdentifier>{851f83f2-be2d-472c-a5ec-de676860b41e}</UniqueIdentifier>
    </Filter>
    <Filter Include="Resource Files">
      <UniqueIdentifier>{67DA6AB6-F800-4c08-8B7A-83BB121AAD01}</UniqueIdentifier>
      <Extensions>rc;ico;cur;bmp;dlg;rc2;rct;bin;rgs;gif;jpg;jpeg;jpe;resx;tiff;tif;png;wav;mfcribbon-ms</Extensions>
    </Filter>
    <Filter Include="Source Files\Machine\Machines">
      <UniqueIdentifier>{950096e2-e2a2-4355-ab0d-ba27deca0348}</UniqueIdentifier>
    </Filter>
    <Filter Include="Source Files\CPU\CPUs">
      <UniqueIdentifier>{4c1c5854-4317-421f-ae15-c87421c9ec24}</UniqueIdentifier>
    </Filter>
    <Filter Include="Source Files\CPU\CPUs\Test">
      <UniqueIdentifier>{1d225e37-c90c-48e7-82c0-2748790966cb}</UniqueIdentifier>
    </Filter>
    <Filter Include="Source Files\Machine\Machines\Test64">
      <UniqueIdentifier>{28803833-464d-4861-a478-52e13b4f1d0a}</UniqueIdentifier>
    </Filter>
    <Filter Include="Source Files\CPU\Trap">
      <UniqueIdentifier>{079d3456-3083-4b8a-8dcb-20994950ad85}</UniqueIdentifier>
    </Filter>
  </ItemGroup>
  <ItemGroup>
    <ClCompile Include="main.cpp">
      <Filter>Source Files</Filter>
    </ClCompile>
    <ClCompile Include="CPU.cpp">
      <Filter>Source Files\CPU</Filter>
    </ClCompile>
    <ClCompile Include="RAM.cpp">
      <Filter>Source Files\RAM</Filter>
    </ClCompile>
    <ClCompile Include="Opcodes.cpp">
      <Filter>Source Files\CPU</Filter>
    </ClCompile>
    <ClCompile Include="OpcodeHelpers.cpp">
      <Filter>Source Files\CPU\OpcodeHelpers</Filter>
    </ClCompile>
    <ClCompile Include="Machine.cpp">
      <Filter>Source Files\Machine</Filter>
    </ClCompile>
    <ClCompile Include="CPUTest.cpp">
      <Filter>Source Files\CPU\CPUs\Test</Filter>
    </ClCompile>
    <ClCompile Include="OpcodesTest.cpp">
      <Filter>Source Files\CPU\CPUs\Test</Filter>
    </ClCompile>
    <ClCompile Include="MachineTest.cpp">
      <Filter>Source Files\Machine\Machines\Test64</Filter>
    </ClCompile>
    <ClCompile Include="Trap.cpp">
      <Filter>Source Files\CPU\Trap</Filter>
    </ClCompile>
  </ItemGroup>
  <ItemGroup>
    <ClInclude Include="CPU.h">
      <Filter>Source Files\CPU</Filter>
    </ClInclude>
    <ClInclude Include="RAM.h">
      <Filter>Source Files\RAM</Filter>
    </ClInclude>
    <ClInclude Include="OpcodeHelpers.h">
      <Filter>Source Files\CPU\OpcodeHelpers</Filter>
    </ClInclude>
    <ClInclude Include="Machine.h">
      <Filter>Source Files\Machine</Filter>
    </ClInclude>
    <ClInclude Include="CPUTest.h">
      <Filter>Source Files\CPU\CPUs\Test</Filter>
    </ClInclude>
    <ClInclude Include="MachineTest.h">
      <Filter>Source Files\Machine\Machines\Test64</Filter>
    </ClInclude>
    <ClInclude Include="Trap.h">
      <Filter>Source Files\CPU\Trap</Filter>
    </ClInclude>
  </ItemGroup>
</Project>